// !$*UTF8*$!
{
	archiveVersion = 1;
	classes = {
	};
	objectVersion = 55;
	objects = {

/* Begin PBXBuildFile section */
		C902DEA527FA99E000BB0D60 /* GradientColorViewController.swift in Sources */ = {isa = PBXBuildFile; fileRef = C902DEA427FA99E000BB0D60 /* GradientColorViewController.swift */; };
		C902DEA727FA9A0500BB0D60 /* GradientColorViewController.storyboard in Resources */ = {isa = PBXBuildFile; fileRef = C902DEA627FA9A0500BB0D60 /* GradientColorViewController.storyboard */; };
		C944578627F41F1A00ACECE3 /* CalulationViewController.swift in Sources */ = {isa = PBXBuildFile; fileRef = C944578527F41F1A00ACECE3 /* CalulationViewController.swift */; };
		C944578827F41F5600ACECE3 /* CalulationViewController.storyboard in Resources */ = {isa = PBXBuildFile; fileRef = C944578727F41F5600ACECE3 /* CalulationViewController.storyboard */; };
		C944578A27F41F7500ACECE3 /* CalulationViewModel.swift in Sources */ = {isa = PBXBuildFile; fileRef = C944578927F41F7500ACECE3 /* CalulationViewModel.swift */; };
		C944578C27F425B100ACECE3 /* Observers.swift in Sources */ = {isa = PBXBuildFile; fileRef = C944578B27F425B100ACECE3 /* Observers.swift */; };
		C944578F27F4604700ACECE3 /* MainViewController.swift in Sources */ = {isa = PBXBuildFile; fileRef = C944578E27F4604700ACECE3 /* MainViewController.swift */; };
		C944579127F4605B00ACECE3 /* MainViewController.storyboard in Resources */ = {isa = PBXBuildFile; fileRef = C944579027F4605B00ACECE3 /* MainViewController.storyboard */; };
		C944579427F460DA00ACECE3 /* MainTableViewCell.swift in Sources */ = {isa = PBXBuildFile; fileRef = C944579227F460DA00ACECE3 /* MainTableViewCell.swift */; };
		C944579527F460DA00ACECE3 /* MainTableViewCell.xib in Resources */ = {isa = PBXBuildFile; fileRef = C944579327F460DA00ACECE3 /* MainTableViewCell.xib */; };
		C96287F127F2AE4A00B1D850 /* AppDelegate.swift in Sources */ = {isa = PBXBuildFile; fileRef = C96287F027F2AE4A00B1D850 /* AppDelegate.swift */; };
		C96287F327F2AE4A00B1D850 /* SceneDelegate.swift in Sources */ = {isa = PBXBuildFile; fileRef = C96287F227F2AE4A00B1D850 /* SceneDelegate.swift */; };
		C96287FA27F2AE4C00B1D850 /* Assets.xcassets in Resources */ = {isa = PBXBuildFile; fileRef = C96287F927F2AE4C00B1D850 /* Assets.xcassets */; };
		C96287FD27F2AE4C00B1D850 /* LaunchScreen.storyboard in Resources */ = {isa = PBXBuildFile; fileRef = C96287FB27F2AE4C00B1D850 /* LaunchScreen.storyboard */; };
		C962880B27F2B8A200B1D850 /* AppColor.swift in Sources */ = {isa = PBXBuildFile; fileRef = C962880A27F2B8A200B1D850 /* AppColor.swift */; };
		C962880D27F310F600B1D850 /* Ex+swift in Sources */ = {isa = PBXBuildFile; fileRef = C962880C27F310F600B1D850 /* Ex+swift */; };
		C9FAA2D527FEBE390064139A /* MapKitViewController.swift in Sources */ = {isa = PBXBuildFile; fileRef = C9FAA2D427FEBE390064139A /* MapKitViewController.swift */; };
		C9FAA2D727FEBE540064139A /* MapKitViewController.storyboard in Resources */ = {isa = PBXBuildFile; fileRef = C9FAA2D627FEBE540064139A /* MapKitViewController.storyboard */; };
/* End PBXBuildFile section */

/* Begin PBXFileReference section */
		C902DEA427FA99E000BB0D60 /* GradientColorViewController.swift */ = {isa = PBXFileReference; lastKnownFileType = sourcecode.swift; path = GradientColorViewController.swift; sourceTree = "<group>"; };
		C902DEA627FA9A0500BB0D60 /* GradientColorViewController.storyboard */ = {isa = PBXFileReference; lastKnownFileType = file.storyboard; path = GradientColorViewController.storyboard; sourceTree = "<group>"; };
		C944578527F41F1A00ACECE3 /* CalulationViewController.swift */ = {isa = PBXFileReference; lastKnownFileType = sourcecode.swift; path = CalulationViewController.swift; sourceTree = "<group>"; };
		C944578727F41F5600ACECE3 /* CalulationViewController.storyboard */ = {isa = PBXFileReference; lastKnownFileType = file.storyboard; path = CalulationViewController.storyboard; sourceTree = "<group>"; };
		C944578927F41F7500ACECE3 /* CalulationViewModel.swift */ = {isa = PBXFileReference; lastKnownFileType = sourcecode.swift; path = CalulationViewModel.swift; sourceTree = "<group>"; };
		C944578B27F425B100ACECE3 /* Observers.swift */ = {isa = PBXFileReference; lastKnownFileType = sourcecode.swift; path = Observers.swift; sourceTree = "<group>"; };
		C944578E27F4604700ACECE3 /* MainViewController.swift */ = {isa = PBXFileReference; lastKnownFileType = sourcecode.swift; path = MainViewController.swift; sourceTree = "<group>"; };
		C944579027F4605B00ACECE3 /* MainViewController.storyboard */ = {isa = PBXFileReference; lastKnownFileType = file.storyboard; path = MainViewController.storyboard; sourceTree = "<group>"; };
		C944579227F460DA00ACECE3 /* MainTableViewCell.swift */ = {isa = PBXFileReference; lastKnownFileType = sourcecode.swift; path = MainTableViewCell.swift; sourceTree = "<group>"; };
		C944579327F460DA00ACECE3 /* MainTableViewCell.xib */ = {isa = PBXFileReference; lastKnownFileType = file.xib; path = MainTableViewCell.xib; sourceTree = "<group>"; };
		C96287ED27F2AE4A00B1D850 /* AllUIElement.app */ = {isa = PBXFileReference; explicitFileType = wrapper.application; includeInIndex = 0; path = AllUIElement.app; sourceTree = BUILT_PRODUCTS_DIR; };
		C96287F027F2AE4A00B1D850 /* AppDelegate.swift */ = {isa = PBXFileReference; lastKnownFileType = sourcecode.swift; path = AppDelegate.swift; sourceTree = "<group>"; };
		C96287F227F2AE4A00B1D850 /* SceneDelegate.swift */ = {isa = PBXFileReference; lastKnownFileType = sourcecode.swift; path = SceneDelegate.swift; sourceTree = "<group>"; };
		C96287F927F2AE4C00B1D850 /* Assets.xcassets */ = {isa = PBXFileReference; lastKnownFileType = folder.assetcatalog; path = Assets.xcassets; sourceTree = "<group>"; };
		C96287FC27F2AE4C00B1D850 /* Base */ = {isa = PBXFileReference; lastKnownFileType = file.storyboard; name = Base; path = Base.lproj/LaunchScreen.storyboard; sourceTree = "<group>"; };
		C96287FE27F2AE4C00B1D850 /* Info.plist */ = {isa = PBXFileReference; lastKnownFileType = text.plist.xml; path = Info.plist; sourceTree = "<group>"; };
		C962880A27F2B8A200B1D850 /* AppColor.swift */ = {isa = PBXFileReference; lastKnownFileType = sourcecode.swift; path = AppColor.swift; sourceTree = "<group>"; };
		C962880C27F310F600B1D850 /* Ex+swift */ = {isa = PBXFileReference; lastKnownFileType = text; path = "Ex+swift"; sourceTree = "<group>"; };
		C9FAA2D427FEBE390064139A /* MapKitViewController.swift */ = {isa = PBXFileReference; lastKnownFileType = sourcecode.swift; path = MapKitViewController.swift; sourceTree = "<group>"; };
		C9FAA2D627FEBE540064139A /* MapKitViewController.storyboard */ = {isa = PBXFileReference; lastKnownFileType = file.storyboard; path = MapKitViewController.storyboard; sourceTree = "<group>"; };
/* End PBXFileReference section */

/* Begin PBXFrameworksBuildPhase section */
		C96287EA27F2AE4A00B1D850 /* Frameworks */ = {
			isa = PBXFrameworksBuildPhase;
			buildActionMask = 2147483647;
			files = (
			);
			runOnlyForDeploymentPostprocessing = 0;
		};
/* End PBXFrameworksBuildPhase section */

/* Begin PBXGroup section */
		C902DEA327FA997D00BB0D60 /* UIGradientColor */ = {
			isa = PBXGroup;
			children = (
				C902DEA427FA99E000BB0D60 /* GradientColorViewController.swift */,
				C902DEA627FA9A0500BB0D60 /* GradientColorViewController.storyboard */,
			);
			path = UIGradientColor;
			sourceTree = "<group>";
		};
		C944578427F41ECE00ACECE3 /* Observabler&VM&VC */ = {
			isa = PBXGroup;
			children = (
				C944578727F41F5600ACECE3 /* CalulationViewController.storyboard */,
				C944578527F41F1A00ACECE3 /* CalulationViewController.swift */,
				C944578927F41F7500ACECE3 /* CalulationViewModel.swift */,
				C944578B27F425B100ACECE3 /* Observers.swift */,
			);
			path = "Observabler&VM&VC";
			sourceTree = "<group>";
		};
		C944578D27F45FF000ACECE3 /* MainScreen */ = {
			isa = PBXGroup;
			children = (
				C944578E27F4604700ACECE3 /* MainViewController.swift */,
				C944579027F4605B00ACECE3 /* MainViewController.storyboard */,
				C9FAA2D227FEBC1F0064139A /* MainTableViewCell */,
			);
			path = MainScreen;
			sourceTree = "<group>";
		};
		C96287E427F2AE4A00B1D850 = {
			isa = PBXGroup;
			children = (
				C96287EF27F2AE4A00B1D850 /* AllUIElement */,
				C96287EE27F2AE4A00B1D850 /* Products */,
			);
			sourceTree = "<group>";
		};
		C96287EE27F2AE4A00B1D850 /* Products */ = {
			isa = PBXGroup;
			children = (
				C96287ED27F2AE4A00B1D850 /* AllUIElement.app */,
			);
			name = Products;
			sourceTree = "<group>";
		};
		C96287EF27F2AE4A00B1D850 /* AllUIElement */ = {
			isa = PBXGroup;
			children = (
				C96287F027F2AE4A00B1D850 /* AppDelegate.swift */,
				C96287F227F2AE4A00B1D850 /* SceneDelegate.swift */,
				C962880927F2B87F00B1D850 /* Enum&Ex */,
				C944578D27F45FF000ACECE3 /* MainScreen */,
				C9FAA2D327FEBDF90064139A /* MapKit */,
				C902DEA327FA997D00BB0D60 /* UIGradientColor */,
				C944578427F41ECE00ACECE3 /* Observabler&VM&VC */,
				C96287F927F2AE4C00B1D850 /* Assets.xcassets */,
				C96287FB27F2AE4C00B1D850 /* LaunchScreen.storyboard */,
				C96287FE27F2AE4C00B1D850 /* Info.plist */,
			);
			path = AllUIElement;
			sourceTree = "<group>";
		};
		C962880927F2B87F00B1D850 /* Enum&Ex */ = {
			isa = PBXGroup;
			children = (
				C962880A27F2B8A200B1D850 /* AppColor.swift */,
				C962880C27F310F600B1D850 /* Ex+swift */,
			);
			path = "Enum&Ex";
			sourceTree = "<group>";
		};
		C9FAA2D227FEBC1F0064139A /* MainTableViewCell */ = {
			isa = PBXGroup;
			children = (
				C944579227F460DA00ACECE3 /* MainTableViewCell.swift */,
				C944579327F460DA00ACECE3 /* MainTableViewCell.xib */,
			);
			path = MainTableViewCell;
			sourceTree = "<group>";
		};
		C9FAA2D327FEBDF90064139A /* MapKit */ = {
			isa = PBXGroup;
			children = (
				C9FAA2D427FEBE390064139A /* MapKitViewController.swift */,
				C9FAA2D627FEBE540064139A /* MapKitViewController.storyboard */,
			);
			path = MapKit;
			sourceTree = "<group>";
		};
/* End PBXGroup section */

/* Begin PBXNativeTarget section */
		C96287EC27F2AE4A00B1D850 /* AllUIElement */ = {
			isa = PBXNativeTarget;
			buildConfigurationList = C962880127F2AE4C00B1D850 /* Build configuration list for PBXNativeTarget "AllUIElement" */;
			buildPhases = (
				C96287E927F2AE4A00B1D850 /* Sources */,
				C96287EA27F2AE4A00B1D850 /* Frameworks */,
				C96287EB27F2AE4A00B1D850 /* Resources */,
			);
			buildRules = (
			);
			dependencies = (
			);
			name = AllUIElement;
			productName = AllUIElement;
			productReference = C96287ED27F2AE4A00B1D850 /* AllUIElement.app */;
			productType = "com.apple.product-type.application";
		};
/* End PBXNativeTarget section */

/* Begin PBXProject section */
		C96287E527F2AE4A00B1D850 /* Project object */ = {
			isa = PBXProject;
			attributes = {
				BuildIndependentTargetsInParallel = 1;
				LastSwiftUpdateCheck = 1320;
				LastUpgradeCheck = 1320;
				TargetAttributes = {
					C96287EC27F2AE4A00B1D850 = {
						CreatedOnToolsVersion = 13.2.1;
					};
				};
			};
			buildConfigurationList = C96287E827F2AE4A00B1D850 /* Build configuration list for PBXProject "AllUIElement" */;
			compatibilityVersion = "Xcode 13.0";
			developmentRegion = en;
			hasScannedForEncodings = 0;
			knownRegions = (
				en,
				Base,
			);
			mainGroup = C96287E427F2AE4A00B1D850;
			productRefGroup = C96287EE27F2AE4A00B1D850 /* Products */;
			projectDirPath = "";
			projectRoot = "";
			targets = (
				C96287EC27F2AE4A00B1D850 /* AllUIElement */,
			);
		};
/* End PBXProject section */

/* Begin PBXResourcesBuildPhase section */
		C96287EB27F2AE4A00B1D850 /* Resources */ = {
			isa = PBXResourcesBuildPhase;
			buildActionMask = 2147483647;
			files = (
				C944579127F4605B00ACECE3 /* MainViewController.storyboard in Resources */,
				C96287FD27F2AE4C00B1D850 /* LaunchScreen.storyboard in Resources */,
				C9FAA2D727FEBE540064139A /* MapKitViewController.storyboard in Resources */,
				C96287FA27F2AE4C00B1D850 /* Assets.xcassets in Resources */,
				C944578827F41F5600ACECE3 /* CalulationViewController.storyboard in Resources */,
				C902DEA727FA9A0500BB0D60 /* GradientColorViewController.storyboard in Resources */,
				C944579527F460DA00ACECE3 /* MainTableViewCell.xib in Resources */,
			);
			runOnlyForDeploymentPostprocessing = 0;
		};
/* End PBXResourcesBuildPhase section */

/* Begin PBXSourcesBuildPhase section */
		C96287E927F2AE4A00B1D850 /* Sources */ = {
			isa = PBXSourcesBuildPhase;
			buildActionMask = 2147483647;
			files = (
				C962880B27F2B8A200B1D850 /* AppColor.swift in Sources */,
				C944579427F460DA00ACECE3 /* MainTableViewCell.swift in Sources */,
				C96287F127F2AE4A00B1D850 /* AppDelegate.swift in Sources */,
				C944578C27F425B100ACECE3 /* Observers.swift in Sources */,
				C962880D27F310F600B1D850 /* Ex+swift in Sources */,
				C902DEA527FA99E000BB0D60 /* GradientColorViewController.swift in Sources */,
				C9FAA2D527FEBE390064139A /* MapKitViewController.swift in Sources */,
				C944578A27F41F7500ACECE3 /* CalulationViewModel.swift in Sources */,
				C944578627F41F1A00ACECE3 /* CalulationViewController.swift in Sources */,
				C96287F327F2AE4A00B1D850 /* SceneDelegate.swift in Sources */,
				C944578F27F4604700ACECE3 /* MainViewController.swift in Sources */,
			);
			runOnlyForDeploymentPostprocessing = 0;
		};
/* End PBXSourcesBuildPhase section */

/* Begin PBXVariantGroup section */
		C96287FB27F2AE4C00B1D850 /* LaunchScreen.storyboard */ = {
			isa = PBXVariantGroup;
			children = (
				C96287FC27F2AE4C00B1D850 /* Base */,
			);
			name = LaunchScreen.storyboard;
			sourceTree = "<group>";
		};
/* End PBXVariantGroup section */

/* Begin XCBuildConfiguration section */
		C96287FF27F2AE4C00B1D850 /* Debug */ = {
			isa = XCBuildConfiguration;
			buildSettings = {
				ALWAYS_SEARCH_USER_PATHS = NO;
				CLANG_ANALYZER_NONNULL = YES;
				CLANG_ANALYZER_NUMBER_OBJECT_CONVERSION = YES_AGGRESSIVE;
				CLANG_CXX_LANGUAGE_STANDARD = "gnu++17";
				CLANG_CXX_LIBRARY = "libc++";
				CLANG_ENABLE_MODULES = YES;
				CLANG_ENABLE_OBJC_ARC = YES;
				CLANG_ENABLE_OBJC_WEAK = YES;
				CLANG_WARN_BLOCK_CAPTURE_AUTORELEASING = YES;
				CLANG_WARN_BOOL_CONVERSION = YES;
				CLANG_WARN_COMMA = YES;
				CLANG_WARN_CONSTANT_CONVERSION = YES;
				CLANG_WARN_DEPRECATED_OBJC_IMPLEMENTATIONS = YES;
				CLANG_WARN_DIRECT_OBJC_ISA_USAGE = YES_ERROR;
				CLANG_WARN_DOCUMENTATION_COMMENTS = YES;
				CLANG_WARN_EMPTY_BODY = YES;
				CLANG_WARN_ENUM_CONVERSION = YES;
				CLANG_WARN_INFINITE_RECURSION = YES;
				CLANG_WARN_INT_CONVERSION = YES;
				CLANG_WARN_NON_LITERAL_NULL_CONVERSION = YES;
				CLANG_WARN_OBJC_IMPLICIT_RETAIN_SELF = YES;
				CLANG_WARN_OBJC_LITERAL_CONVERSION = YES;
				CLANG_WARN_OBJC_ROOT_CLASS = YES_ERROR;
				CLANG_WARN_QUOTED_INCLUDE_IN_FRAMEWORK_HEADER = YES;
				CLANG_WARN_RANGE_LOOP_ANALYSIS = YES;
				CLANG_WARN_STRICT_PROTOTYPES = YES;
				CLANG_WARN_SUSPICIOUS_MOVE = YES;
				CLANG_WARN_UNGUARDED_AVAILABILITY = YES_AGGRESSIVE;
				CLANG_WARN_UNREACHABLE_CODE = YES;
				CLANG_WARN__DUPLICATE_METHOD_MATCH = YES;
				COPY_PHASE_STRIP = NO;
				DEBUG_INFORMATION_FORMAT = dwarf;
				ENABLE_STRICT_OBJC_MSGSEND = YES;
				ENABLE_TESTABILITY = YES;
				GCC_C_LANGUAGE_STANDARD = gnu11;
				GCC_DYNAMIC_NO_PIC = NO;
				GCC_NO_COMMON_BLOCKS = YES;
				GCC_OPTIMIZATION_LEVEL = 0;
				GCC_PREPROCESSOR_DEFINITIONS = (
					"DEBUG=1",
					"$(inherited)",
				);
				GCC_WARN_64_TO_32_BIT_CONVERSION = YES;
				GCC_WARN_ABOUT_RETURN_TYPE = YES_ERROR;
				GCC_WARN_UNDECLARED_SELECTOR = YES;
				GCC_WARN_UNINITIALIZED_AUTOS = YES_AGGRESSIVE;
				GCC_WARN_UNUSED_FUNCTION = YES;
				GCC_WARN_UNUSED_VARIABLE = YES;
				IPHONEOS_DEPLOYMENT_TARGET = 15.2;
				MTL_ENABLE_DEBUG_INFO = INCLUDE_SOURCE;
				MTL_FAST_MATH = YES;
				ONLY_ACTIVE_ARCH = YES;
				SDKROOT = iphoneos;
				SWIFT_ACTIVE_COMPILATION_CONDITIONS = DEBUG;
				SWIFT_OPTIMIZATION_LEVEL = "-Onone";
			};
			name = Debug;
		};
		C962880027F2AE4C00B1D850 /* Release */ = {
			isa = XCBuildConfiguration;
			buildSettings = {
				ALWAYS_SEARCH_USER_PATHS = NO;
				CLANG_ANALYZER_NONNULL = YES;
				CLANG_ANALYZER_NUMBER_OBJECT_CONVERSION = YES_AGGRESSIVE;
				CLANG_CXX_LANGUAGE_STANDARD = "gnu++17";
				CLANG_CXX_LIBRARY = "libc++";
				CLANG_ENABLE_MODULES = YES;
				CLANG_ENABLE_OBJC_ARC = YES;
				CLANG_ENABLE_OBJC_WEAK = YES;
				CLANG_WARN_BLOCK_CAPTURE_AUTORELEASING = YES;
				CLANG_WARN_BOOL_CONVERSION = YES;
				CLANG_WARN_COMMA = YES;
				CLANG_WARN_CONSTANT_CONVERSION = YES;
				CLANG_WARN_DEPRECATED_OBJC_IMPLEMENTATIONS = YES;
				CLANG_WARN_DIRECT_OBJC_ISA_USAGE = YES_ERROR;
				CLANG_WARN_DOCUMENTATION_COMMENTS = YES;
				CLANG_WARN_EMPTY_BODY = YES;
				CLANG_WARN_ENUM_CONVERSION = YES;
				CLANG_WARN_INFINITE_RECURSION = YES;
				CLANG_WARN_INT_CONVERSION = YES;
				CLANG_WARN_NON_LITERAL_NULL_CONVERSION = YES;
				CLANG_WARN_OBJC_IMPLICIT_RETAIN_SELF = YES;
				CLANG_WARN_OBJC_LITERAL_CONVERSION = YES;
				CLANG_WARN_OBJC_ROOT_CLASS = YES_ERROR;
				CLANG_WARN_QUOTED_INCLUDE_IN_FRAMEWORK_HEADER = YES;
				CLANG_WARN_RANGE_LOOP_ANALYSIS = YES;
				CLANG_WARN_STRICT_PROTOTYPES = YES;
				CLANG_WARN_SUSPICIOUS_MOVE = YES;
				CLANG_WARN_UNGUARDED_AVAILABILITY = YES_AGGRESSIVE;
				CLANG_WARN_UNREACHABLE_CODE = YES;
				CLANG_WARN__DUPLICATE_METHOD_MATCH = YES;
				COPY_PHASE_STRIP = NO;
				DEBUG_INFORMATION_FORMAT = "dwarf-with-dsym";
				ENABLE_NS_ASSERTIONS = NO;
				ENABLE_STRICT_OBJC_MSGSEND = YES;
				GCC_C_LANGUAGE_STANDARD = gnu11;
				GCC_NO_COMMON_BLOCKS = YES;
				GCC_WARN_64_TO_32_BIT_CONVERSION = YES;
				GCC_WARN_ABOUT_RETURN_TYPE = YES_ERROR;
				GCC_WARN_UNDECLARED_SELECTOR = YES;
				GCC_WARN_UNINITIALIZED_AUTOS = YES_AGGRESSIVE;
				GCC_WARN_UNUSED_FUNCTION = YES;
				GCC_WARN_UNUSED_VARIABLE = YES;
				IPHONEOS_DEPLOYMENT_TARGET = 15.2;
				MTL_ENABLE_DEBUG_INFO = NO;
				MTL_FAST_MATH = YES;
				SDKROOT = iphoneos;
				SWIFT_COMPILATION_MODE = wholemodule;
				SWIFT_OPTIMIZATION_LEVEL = "-O";
				VALIDATE_PRODUCT = YES;
			};
			name = Release;
		};
		C962880227F2AE4C00B1D850 /* Debug */ = {
			isa = XCBuildConfiguration;
			buildSettings = {
				ASSETCATALOG_COMPILER_APPICON_NAME = AppIcon;
				ASSETCATALOG_COMPILER_GLOBAL_ACCENT_COLOR_NAME = AccentColor;
				CODE_SIGN_STYLE = Automatic;
				CURRENT_PROJECT_VERSION = 1;
				DEVELOPMENT_TEAM = S5FRVB2GSS;
				GENERATE_INFOPLIST_FILE = YES;
				INFOPLIST_FILE = AllUIElement/Info.plist;
				INFOPLIST_KEY_UIApplicationSupportsIndirectInputEvents = YES;
				INFOPLIST_KEY_UILaunchStoryboardName = LaunchScreen;
				INFOPLIST_KEY_UIMainStoryboardFile = MainViewController;
				INFOPLIST_KEY_UISupportedInterfaceOrientations_iPad = "UIInterfaceOrientationPortrait UIInterfaceOrientationPortraitUpsideDown UIInterfaceOrientationLandscapeLeft UIInterfaceOrientationLandscapeRight";
				INFOPLIST_KEY_UISupportedInterfaceOrientations_iPhone = "UIInterfaceOrientationPortrait UIInterfaceOrientationLandscapeLeft UIInterfaceOrientationLandscapeRight";
				LD_RUNPATH_SEARCH_PATHS = (
					"$(inherited)",
					"@executable_path/Frameworks",
				);
				MARKETING_VERSION = 1.0;
				PRODUCT_BUNDLE_IDENTIFIER = com.kim.AllUIElement;
				PRODUCT_NAME = "$(TARGET_NAME)";
				SWIFT_EMIT_LOC_STRINGS = YES;
				SWIFT_VERSION = 5.0;
				TARGETED_DEVICE_FAMILY = "1,2";
			};
			name = Debug;
		};
		C962880327F2AE4C00B1D850 /* Release */ = {
			isa = XCBuildConfiguration;
			buildSettings = {
				ASSETCATALOG_COMPILER_APPICON_NAME = AppIcon;
				ASSETCATALOG_COMPILER_GLOBAL_ACCENT_COLOR_NAME = AccentColor;
				CODE_SIGN_STYLE = Automatic;
				CURRENT_PROJECT_VERSION = 1;
				DEVELOPMENT_TEAM = S5FRVB2GSS;
				GENERATE_INFOPLIST_FILE = YES;
				INFOPLIST_FILE = AllUIElement/Info.plist;
				INFOPLIST_KEY_UIApplicationSupportsIndirectInputEvents = YES;
				INFOPLIST_KEY_UILaunchStoryboardName = LaunchScreen;
				INFOPLIST_KEY_UIMainStoryboardFile = MainViewController;
				INFOPLIST_KEY_UISupportedInterfaceOrientations_iPad = "UIInterfaceOrientationPortrait UIInterfaceOrientationPortraitUpsideDown UIInterfaceOrientationLandscapeLeft UIInterfaceOrientationLandscapeRight";
				INFOPLIST_KEY_UISupportedInterfaceOrientations_iPhone = "UIInterfaceOrientationPortrait UIInterfaceOrientationLandscapeLeft UIInterfaceOrientationLandscapeRight";
				LD_RUNPATH_SEARCH_PATHS = (
					"$(inherited)",
					"@executable_path/Frameworks",
				);
				MARKETING_VERSION = 1.0;
				PRODUCT_BUNDLE_IDENTIFIER = com.kim.AllUIElement;
				PRODUCT_NAME = "$(TARGET_NAME)";
				SWIFT_EMIT_LOC_STRINGS = YES;
				SWIFT_VERSION = 5.0;
				TARGETED_DEVICE_FAMILY = "1,2";
			};
			name = Release;
		};
/* End XCBuildConfiguration section */

/* Begin XCConfigurationList section */
		C96287E827F2AE4A00B1D850 /* Build configuration list for PBXProject "AllUIElement" */ = {
			isa = XCConfigurationList;
			buildConfigurations = (
				C96287FF27F2AE4C00B1D850 /* Debug */,
				C962880027F2AE4C00B1D850 /* Release */,
			);
			defaultConfigurationIsVisible = 0;
			defaultConfigurationName = Release;
		};
		C962880127F2AE4C00B1D850 /* Build configuration list for PBXNativeTarget "AllUIElement" */ = {
			isa = XCConfigurationList;
			buildConfigurations = (
				C962880227F2AE4C00B1D850 /* Debug */,
				C962880327F2AE4C00B1D850 /* Release */,
			);
			defaultConfigurationIsVisible = 0;
			defaultConfigurationName = Release;
		};
/* End XCConfigurationList section */
	};
	rootObject = C96287E527F2AE4A00B1D850 /* Project object */;
}
